
Microsoft Visual Studio Solution File, Format Version 12.00
# Visual Studio Version 17
VisualStudioVersion = 17.9.34728.123
MinimumVisualStudioVersion = 10.0.40219.1
Project("{2150E333-8FDC-42A3-9474-1A3956D46DE8}") = "src", "src", "{43527711-192B-499E-84B0-45043283FC6A}"
EndProject
Project("{2150E333-8FDC-42A3-9474-1A3956D46DE8}") = "Domain", "Domain", "{2AA15519-BDE0-4A92-BC90-AABE9855581A}"
EndProject
Project("{2150E333-8FDC-42A3-9474-1A3956D46DE8}") = "Application", "Application", "{205D24F5-C65A-4C63-842C-0254CD7AD237}"
EndProject
Project("{9A19103F-16F7-4668-BE54-9A1E7A4F7556}") = "BookShop.Application", "src\BookShop.Application\BookShop.Application.csproj", "{5B571F4C-A0C5-4A2D-BC22-05FE35ABE45E}"
EndProject
Project("{2150E333-8FDC-42A3-9474-1A3956D46DE8}") = "Infrastructure", "Infrastructure", "{AF30207C-53E5-4FA4-9CAE-F2B0CBB77422}"
EndProject
Project("{2150E333-8FDC-42A3-9474-1A3956D46DE8}") = "test", "test", "{2622CF8A-DD67-450A-8D8C-794F1FA7B8EC}"
EndProject
Project("{9A19103F-16F7-4668-BE54-9A1E7A4F7556}") = "BookShop.UnitTest", "test\BookShop.UnitTest\BookShop.UnitTest.csproj", "{ABC755DF-BD9C-4E25-817D-7ACE54ED69EF}"
EndProject
Project("{9A19103F-16F7-4668-BE54-9A1E7A4F7556}") = "BookShop.Console", "test\BookShop.Console\BookShop.Console.csproj", "{8CCA0713-74C4-404A-A618-DD23418D85A6}"
EndProject
Project("{2150E333-8FDC-42A3-9474-1A3956D46DE8}") = "Presentation", "Presentation", "{3C51A774-B48D-4BB9-A47B-667B7B9D202F}"
EndProject
Project("{2150E333-8FDC-42A3-9474-1A3956D46DE8}") = "Backend", "Backend", "{696BA206-FF79-4828-B53D-D3914CE11315}"
EndProject
Project("{2150E333-8FDC-42A3-9474-1A3956D46DE8}") = "Frontend", "Frontend", "{D5377267-925A-4745-A8EC-9DF6C109D8FF}"
EndProject
Project("{9A19103F-16F7-4668-BE54-9A1E7A4F7556}") = "BookShop.Domain", "src\BookShop.Domain\BookShop.Domain.csproj", "{B67A5214-0577-4C74-9AD1-765ECA3804D6}"
EndProject
Project("{9A19103F-16F7-4668-BE54-9A1E7A4F7556}") = "BookShop.Infrstructure", "src\BookShop.Infrstructure\BookShop.Infrstructure.csproj", "{884753D0-0751-4836-A09F-49E1218F8DD3}"
EndProject
Project("{2150E333-8FDC-42A3-9474-1A3956D46DE8}") = "Console", "Console", "{698E53F5-A95D-4908-B247-949FAB270BDC}"
EndProject
Project("{2150E333-8FDC-42A3-9474-1A3956D46DE8}") = "UnitTest", "UnitTest", "{B0CDCB6C-6650-44DA-BE6B-BACB78BB7376}"
EndProject
Project("{2150E333-8FDC-42A3-9474-1A3956D46DE8}") = "IntegrationTest", "IntegrationTest", "{2C5778AB-A339-4B17-AC78-A47FAB25D003}"
EndProject
Project("{FAE04EC0-301F-11D3-BF4B-00C04F79EFBC}") = "BookShop.IntegrationTest", "test\BookShop.IntegrationTest\BookShop.IntegrationTest.csproj", "{04397F62-702E-4A4C-9C69-8383C8C266F1}"
EndProject
Project("{FAE04EC0-301F-11D3-BF4B-00C04F79EFBC}") = "BookShop.WebApi", "src\BookShop.WebApi\BookShop.WebApi.csproj", "{7CCFFC7D-881A-45D6-A1B9-90809B7F5D08}"
EndProject
Global
	GlobalSection(SolutionConfigurationPlatforms) = preSolution
		Debug|Any CPU = Debug|Any CPU
		Release|Any CPU = Release|Any CPU
	EndGlobalSection
	GlobalSection(ProjectConfigurationPlatforms) = postSolution
		{5B571F4C-A0C5-4A2D-BC22-05FE35ABE45E}.Debug|Any CPU.ActiveCfg = Debug|Any CPU
		{5B571F4C-A0C5-4A2D-BC22-05FE35ABE45E}.Debug|Any CPU.Build.0 = Debug|Any CPU
		{5B571F4C-A0C5-4A2D-BC22-05FE35ABE45E}.Release|Any CPU.ActiveCfg = Release|Any CPU
		{5B571F4C-A0C5-4A2D-BC22-05FE35ABE45E}.Release|Any CPU.Build.0 = Release|Any CPU
		{ABC755DF-BD9C-4E25-817D-7ACE54ED69EF}.Debug|Any CPU.ActiveCfg = Debug|Any CPU
		{ABC755DF-BD9C-4E25-817D-7ACE54ED69EF}.Debug|Any CPU.Build.0 = Debug|Any CPU
		{ABC755DF-BD9C-4E25-817D-7ACE54ED69EF}.Release|Any CPU.ActiveCfg = Release|Any CPU
		{ABC755DF-BD9C-4E25-817D-7ACE54ED69EF}.Release|Any CPU.Build.0 = Release|Any CPU
		{8CCA0713-74C4-404A-A618-DD23418D85A6}.Debug|Any CPU.ActiveCfg = Debug|Any CPU
		{8CCA0713-74C4-404A-A618-DD23418D85A6}.Debug|Any CPU.Build.0 = Debug|Any CPU
		{8CCA0713-74C4-404A-A618-DD23418D85A6}.Release|Any CPU.ActiveCfg = Release|Any CPU
		{8CCA0713-74C4-404A-A618-DD23418D85A6}.Release|Any CPU.Build.0 = Release|Any CPU
		{B67A5214-0577-4C74-9AD1-765ECA3804D6}.Debug|Any CPU.ActiveCfg = Debug|Any CPU
		{B67A5214-0577-4C74-9AD1-765ECA3804D6}.Debug|Any CPU.Build.0 = Debug|Any CPU
		{B67A5214-0577-4C74-9AD1-765ECA3804D6}.Release|Any CPU.ActiveCfg = Release|Any CPU
		{B67A5214-0577-4C74-9AD1-765ECA3804D6}.Release|Any CPU.Build.0 = Release|Any CPU
		{884753D0-0751-4836-A09F-49E1218F8DD3}.Debug|Any CPU.ActiveCfg = Debug|Any CPU
		{884753D0-0751-4836-A09F-49E1218F8DD3}.Debug|Any CPU.Build.0 = Debug|Any CPU
		{884753D0-0751-4836-A09F-49E1218F8DD3}.Release|Any CPU.ActiveCfg = Release|Any CPU
		{884753D0-0751-4836-A09F-49E1218F8DD3}.Release|Any CPU.Build.0 = Release|Any CPU
		{04397F62-702E-4A4C-9C69-8383C8C266F1}.Debug|Any CPU.ActiveCfg = Debug|Any CPU
		{04397F62-702E-4A4C-9C69-8383C8C266F1}.Debug|Any CPU.Build.0 = Debug|Any CPU
		{04397F62-702E-4A4C-9C69-8383C8C266F1}.Release|Any CPU.ActiveCfg = Release|Any CPU
		{04397F62-702E-4A4C-9C69-8383C8C266F1}.Release|Any CPU.Build.0 = Release|Any CPU
		{7CCFFC7D-881A-45D6-A1B9-90809B7F5D08}.Debug|Any CPU.ActiveCfg = Debug|Any CPU
		{7CCFFC7D-881A-45D6-A1B9-90809B7F5D08}.Debug|Any CPU.Build.0 = Debug|Any CPU
		{7CCFFC7D-881A-45D6-A1B9-90809B7F5D08}.Release|Any CPU.ActiveCfg = Release|Any CPU
		{7CCFFC7D-881A-45D6-A1B9-90809B7F5D08}.Release|Any CPU.Build.0 = Release|Any CPU
	EndGlobalSection
	GlobalSection(SolutionProperties) = preSolution
		HideSolutionNode = FALSE
	EndGlobalSection
	GlobalSection(NestedProjects) = preSolution
		{2AA15519-BDE0-4A92-BC90-AABE9855581A} = {43527711-192B-499E-84B0-45043283FC6A}
		{205D24F5-C65A-4C63-842C-0254CD7AD237} = {43527711-192B-499E-84B0-45043283FC6A}
		{5B571F4C-A0C5-4A2D-BC22-05FE35ABE45E} = {205D24F5-C65A-4C63-842C-0254CD7AD237}
		{AF30207C-53E5-4FA4-9CAE-F2B0CBB77422} = {43527711-192B-499E-84B0-45043283FC6A}
		{ABC755DF-BD9C-4E25-817D-7ACE54ED69EF} = {B0CDCB6C-6650-44DA-BE6B-BACB78BB7376}
		{8CCA0713-74C4-404A-A618-DD23418D85A6} = {698E53F5-A95D-4908-B247-949FAB270BDC}
		{3C51A774-B48D-4BB9-A47B-667B7B9D202F} = {43527711-192B-499E-84B0-45043283FC6A}
		{696BA206-FF79-4828-B53D-D3914CE11315} = {3C51A774-B48D-4BB9-A47B-667B7B9D202F}
		{D5377267-925A-4745-A8EC-9DF6C109D8FF} = {3C51A774-B48D-4BB9-A47B-667B7B9D202F}
		{B67A5214-0577-4C74-9AD1-765ECA3804D6} = {2AA15519-BDE0-4A92-BC90-AABE9855581A}
		{884753D0-0751-4836-A09F-49E1218F8DD3} = {AF30207C-53E5-4FA4-9CAE-F2B0CBB77422}
		{698E53F5-A95D-4908-B247-949FAB270BDC} = {2622CF8A-DD67-450A-8D8C-794F1FA7B8EC}
		{B0CDCB6C-6650-44DA-BE6B-BACB78BB7376} = {2622CF8A-DD67-450A-8D8C-794F1FA7B8EC}
		{2C5778AB-A339-4B17-AC78-A47FAB25D003} = {2622CF8A-DD67-450A-8D8C-794F1FA7B8EC}
		{04397F62-702E-4A4C-9C69-8383C8C266F1} = {2C5778AB-A339-4B17-AC78-A47FAB25D003}
		{7CCFFC7D-881A-45D6-A1B9-90809B7F5D08} = {696BA206-FF79-4828-B53D-D3914CE11315}
	EndGlobalSection
	GlobalSection(ExtensibilityGlobals) = postSolution
		SolutionGuid = {4BB6C397-B648-4918-BA96-0A3FC7FED108}
	EndGlobalSection
EndGlobal
